{"1.1.0",
[{<<"bender_proto">>,
  {git,"git@github.com:rbkmoney/bender-proto.git",
       {ref,"b7f00305a365c4d0efdc1451082b5e9ec1e631b9"}},
  0},
 {<<"cache">>,{pkg,<<"cache">>,<<"2.2.0">>},1},
 {<<"certifi">>,{pkg,<<"certifi">>,<<"2.4.2">>},2},
 {<<"cg_mon">>,
  {git,"https://github.com/rbkmoney/cg_mon.git",
       {ref,"5a87a37694e42b6592d3b4164ae54e0e87e24e18"}},
  1},
 {<<"cowboy">>,{pkg,<<"cowboy">>,<<"2.5.0">>},1},
 {<<"cowlib">>,{pkg,<<"cowlib">>,<<"2.6.0">>},2},
 {<<"erl_health">>,
  {git,"https://github.com/rbkmoney/erlang-health.git",
       {ref,"2575c7b63d82a92de54d2d27e504413675e64811"}},
  0},
 {<<"genlib">>,
  {git,"https://github.com/rbkmoney/genlib.git",
       {ref,"41920d7774d119c294f3aaba4043ced12da2a815"}},
  0},
 {<<"goldrush">>,{pkg,<<"goldrush">>,<<"0.1.9">>},1},
 {<<"gproc">>,{pkg,<<"gproc">>,<<"0.8.0">>},1},
 {<<"hackney">>,{pkg,<<"hackney">>,<<"1.15.0">>},1},
 {<<"idna">>,{pkg,<<"idna">>,<<"6.0.0">>},2},
 {<<"jsx">>,{pkg,<<"jsx">>,<<"2.8.0">>},1},
 {<<"lager">>,{pkg,<<"lager">>,<<"3.6.4">>},0},
 {<<"lager_logstash_formatter">>,
  {git,"git@github.com:rbkmoney/lager_logstash_formatter.git",
       {ref,"24527c15c47749866f2d427b333fa1333a46b8af"}},
  0},
 {<<"machinery">>,
  {git,"git@github.com:rbkmoney/machinery.git",
       {ref,"04a31f723fc51bb1f468c498b9db6ce3252c4c75"}},
  0},
 {<<"metrics">>,{pkg,<<"metrics">>,<<"1.0.1">>},2},
 {<<"mg_proto">>,
  {git,"git@github.com:rbkmoney/machinegun_proto.git",
       {ref,"5c07c579014f9900357f7a72f9d10a03008b9da1"}},
  1},
 {<<"mimerl">>,{pkg,<<"mimerl">>,<<"1.0.2">>},2},
 {<<"msgpack_proto">>,
  {git,"git@github.com:rbkmoney/msgpack-proto.git",
       {ref,"946343842ee740a19701df087edd1f1641eff769"}},
  1},
 {<<"parse_trans">>,{pkg,<<"parse_trans">>,<<"3.3.0">>},3},
 {<<"ranch">>,{pkg,<<"ranch">>,<<"1.6.2">>},2},
 {<<"rfc3339">>,{pkg,<<"rfc3339">>,<<"0.2.2">>},1},
 {<<"scoper">>,
  {git,"git@github.com:rbkmoney/scoper.git",
       {ref,"206f76e006207f75828c1df3dde0deaa8554f332"}},
  0},
 {<<"snowflake">>,
  {git,"https://github.com/rbkmoney/snowflake.git",
       {ref,"0a598108f6582affe3b4ae550fc5b9f2062e318a"}},
  0},
 {<<"ssl_verify_fun">>,{pkg,<<"ssl_verify_fun">>,<<"1.1.4">>},2},
 {<<"thrift">>,
  {git,"https://github.com/rbkmoney/thrift_erlang.git",
       {ref,"7843146f22a9d9d63be4ae1276b5fa03938f2e9c"}},
  1},
 {<<"unicode_util_compat">>,{pkg,<<"unicode_util_compat">>,<<"0.4.1">>},3},
 {<<"woody">>,
  {git,"git@github.com:rbkmoney/woody_erlang.git",
       {ref,"862358ee62a95bf46926be1815f70a72a8679d28"}},
  0}]}.
[
{pkg_hash,[
 {<<"cache">>, <<"3C11DBF4CD8FCD5787C95A5FB2A04038E3729CFCA0386016EEA8C953AB48A5AB">>},
 {<<"certifi">>, <<"75424FF0F3BAACCFD34B1214184B6EF616D89E420B258BB0A5EA7D7BC628F7F0">>},
 {<<"cowboy">>, <<"4EF3AE066EE10FE01EA3272EDC8F024347A0D3EB95F6FBB9AED556DACBFC1337">>},
 {<<"cowlib">>, <<"8AA629F81A0FC189F261DC98A42243FA842625FEEA3C7EC56C48F4CCDB55490F">>},
 {<<"goldrush">>, <<"F06E5D5F1277DA5C413E84D5A2924174182FB108DABB39D5EC548B27424CD106">>},
 {<<"gproc">>, <<"CEA02C578589C61E5341FCE149EA36CCEF236CC2ECAC8691FBA408E7EA77EC2F">>},
 {<<"hackney">>, <<"287A5D2304D516F63E56C469511C42B016423BCB167E61B611F6BAD47E3CA60E">>},
 {<<"idna">>, <<"689C46CBCDF3524C44D5F3DDE8001F364CD7608A99556D8FBD8239A5798D4C10">>},
 {<<"jsx">>, <<"749BEC6D205C694AE1786D62CEA6CC45A390437E24835FD16D12D74F07097727">>},
 {<<"lager">>, <<"CED6E98070FB4E58EE93174D006D46479C79844DF7FC17FA4FEFC1049A320D88">>},
 {<<"metrics">>, <<"25F094DEA2CDA98213CECC3AEFF09E940299D950904393B2A29D191C346A8486">>},
 {<<"mimerl">>, <<"993F9B0E084083405ED8252B99460C4F0563E41729AB42D9074FD5E52439BE88">>},
 {<<"parse_trans">>, <<"09765507A3C7590A784615CFD421D101AEC25098D50B89D7AA1D66646BC571C1">>},
 {<<"ranch">>, <<"6DB93C78F411EE033DBB18BA8234C5574883ACB9A75AF0FB90A9B82EA46AFA00">>},
 {<<"rfc3339">>, <<"1552DF616ACA368D982E9F085A0E933B6688A3F4938A671798978EC2C0C58730">>},
 {<<"ssl_verify_fun">>, <<"F0EAFFF810D2041E93F915EF59899C923F4568F4585904D010387ED74988E77B">>},
 {<<"unicode_util_compat">>, <<"D869E4C68901DD9531385BB0C8C40444EBF624E60B6962D95952775CAC5E90CD">>}]}
].
